
Microsoft Visual Studio Solution File, Format Version 12.00
# Visual Studio Version 17
VisualStudioVersion = 17.3.32922.545
MinimumVisualStudioVersion = 10.0.40219.1
Project("{FAE04EC0-301F-11D3-BF4B-00C04F79EFBC}") = "SistemaDeEstacionamento.DataBase", "SistemaDeEstacionamento.DataBase\SistemaDeEstacionamento.DataBase.csproj", "{EBCCB583-F611-4FE4-A7BA-3A90FDA8BB3E}"
EndProject
Project("{FAE04EC0-301F-11D3-BF4B-00C04F79EFBC}") = "SistemaDeEstacionamento.Models", "SistemaDeEstacionamento.Models\SistemaDeEstacionamento.Models.csproj", "{5D91F2D3-A1BE-4684-BCEF-6C49EC8C1BB8}"
EndProject
Global
	GlobalSection(SolutionConfigurationPlatforms) = preSolution
		Debug|Any CPU = Debug|Any CPU
		Release|Any CPU = Release|Any CPU
	EndGlobalSection
	GlobalSection(ProjectConfigurationPlatforms) = postSolution
		{EBCCB583-F611-4FE4-A7BA-3A90FDA8BB3E}.Debug|Any CPU.ActiveCfg = Debug|Any CPU
		{EBCCB583-F611-4FE4-A7BA-3A90FDA8BB3E}.Debug|Any CPU.Build.0 = Debug|Any CPU
		{EBCCB583-F611-4FE4-A7BA-3A90FDA8BB3E}.Release|Any CPU.ActiveCfg = Release|Any CPU
		{EBCCB583-F611-4FE4-A7BA-3A90FDA8BB3E}.Release|Any CPU.Build.0 = Release|Any CPU
		{5D91F2D3-A1BE-4684-BCEF-6C49EC8C1BB8}.Debug|Any CPU.ActiveCfg = Debug|Any CPU
		{5D91F2D3-A1BE-4684-BCEF-6C49EC8C1BB8}.Debug|Any CPU.Build.0 = Debug|Any CPU
		{5D91F2D3-A1BE-4684-BCEF-6C49EC8C1BB8}.Release|Any CPU.ActiveCfg = Release|Any CPU
		{5D91F2D3-A1BE-4684-BCEF-6C49EC8C1BB8}.Release|Any CPU.Build.0 = Release|Any CPU
	EndGlobalSection
	GlobalSection(SolutionProperties) = preSolution
		HideSolutionNode = FALSE
	EndGlobalSection
	GlobalSection(ExtensibilityGlobals) = postSolution
		SolutionGuid = {78A7E806-3C2D-49EF-ABF2-8E8CE8F035E7}
	EndGlobalSection
EndGlobal
