
Microsoft Visual Studio Solution File, Format Version 12.00
# Visual Studio Version 17
VisualStudioVersion = 17.3.32922.545
MinimumVisualStudioVersion = 10.0.40219.1
Project("{9A19103F-16F7-4668-BE54-9A1E7A4F7556}") = "SistemaDeEstacionamento.Models", "SistemaDeEstacionamento.Models\SistemaDeEstacionamento.Models.csproj", "{5D91F2D3-A1BE-4684-BCEF-6C49EC8C1BB8}"
EndProject
Project("{9A19103F-16F7-4668-BE54-9A1E7A4F7556}") = "SistemaDeEstacionamento", "SistemaDeEstacionamento\SistemaDeEstacionamento.csproj", "{98D32988-7222-4F73-A751-E864DF588A95}"
EndProject
Project("{FAE04EC0-301F-11D3-BF4B-00C04F79EFBC}") = "SistemaDeEstacionamento.Views", "SistemaDeEstacionamento.Views\SistemaDeEstacionamento.Views.csproj", "{46022FCD-6184-47AE-B350-D46BD70299FC}"
EndProject
Global
	GlobalSection(SolutionConfigurationPlatforms) = preSolution
		Debug|Any CPU = Debug|Any CPU
		Release|Any CPU = Release|Any CPU
	EndGlobalSection
	GlobalSection(ProjectConfigurationPlatforms) = postSolution
		{5D91F2D3-A1BE-4684-BCEF-6C49EC8C1BB8}.Debug|Any CPU.ActiveCfg = Debug|Any CPU
		{5D91F2D3-A1BE-4684-BCEF-6C49EC8C1BB8}.Debug|Any CPU.Build.0 = Debug|Any CPU
		{5D91F2D3-A1BE-4684-BCEF-6C49EC8C1BB8}.Release|Any CPU.ActiveCfg = Release|Any CPU
		{5D91F2D3-A1BE-4684-BCEF-6C49EC8C1BB8}.Release|Any CPU.Build.0 = Release|Any CPU
		{98D32988-7222-4F73-A751-E864DF588A95}.Debug|Any CPU.ActiveCfg = Debug|Any CPU
		{98D32988-7222-4F73-A751-E864DF588A95}.Debug|Any CPU.Build.0 = Debug|Any CPU
		{98D32988-7222-4F73-A751-E864DF588A95}.Release|Any CPU.ActiveCfg = Release|Any CPU
		{98D32988-7222-4F73-A751-E864DF588A95}.Release|Any CPU.Build.0 = Release|Any CPU
		{46022FCD-6184-47AE-B350-D46BD70299FC}.Debug|Any CPU.ActiveCfg = Debug|Any CPU
		{46022FCD-6184-47AE-B350-D46BD70299FC}.Debug|Any CPU.Build.0 = Debug|Any CPU
		{46022FCD-6184-47AE-B350-D46BD70299FC}.Release|Any CPU.ActiveCfg = Release|Any CPU
		{46022FCD-6184-47AE-B350-D46BD70299FC}.Release|Any CPU.Build.0 = Release|Any CPU
	EndGlobalSection
	GlobalSection(SolutionProperties) = preSolution
		HideSolutionNode = FALSE
	EndGlobalSection
	GlobalSection(ExtensibilityGlobals) = postSolution
		SolutionGuid = {78A7E806-3C2D-49EF-ABF2-8E8CE8F035E7}
	EndGlobalSection
EndGlobal
